
Microsoft Visual Studio Solution File, Format Version 11.00
# Visual Studio 2010
Project("{FAE04EC0-301F-11D3-BF4B-00C04F79EFBC}") = "Big-Bang-BOOM", "Assembly-CSharp.csproj", "{DCED2B33-DFD7-0BA9-9453-E1A1D0EA944A}"
EndProject
Global
	GlobalSection(SolutionConfigurationPlatforms) = preSolution
		Debug|Any CPU = Debug|Any CPU
		Release|Any CPU = Release|Any CPU
	EndGlobalSection
	GlobalSection(ProjectConfigurationPlatforms) = postSolution
		{DCED2B33-DFD7-0BA9-9453-E1A1D0EA944A}.Debug|Any CPU.ActiveCfg = Debug|Any CPU
		{DCED2B33-DFD7-0BA9-9453-E1A1D0EA944A}.Debug|Any CPU.Build.0 = Debug|Any CPU
		{DCED2B33-DFD7-0BA9-9453-E1A1D0EA944A}.Release|Any CPU.ActiveCfg = Release|Any CPU
		{DCED2B33-DFD7-0BA9-9453-E1A1D0EA944A}.Release|Any CPU.Build.0 = Release|Any CPU
	EndGlobalSection
	GlobalSection(SolutionProperties) = preSolution
		HideSolutionNode = FALSE
	EndGlobalSection
	GlobalSection(MonoDevelopProperties) = preSolution
		StartupItem = Assembly-CSharp.csproj
	EndGlobalSection
EndGlobal
